
Microsoft Visual Studio Solution File, Format Version 11.00
# Visual Studio 2010
Project("{FAE04EC0-301F-11D3-BF4B-00C04F79EFBC}") = "Assembly-CSharp", "Assembly-CSharp.csproj", "{F10864A1-FF13-853D-5F6F-F5FF7E7B82DF}"
EndProject
Project("{FAE04EC0-301F-11D3-BF4B-00C04F79EFBC}") = "Assembly-CSharp-firstpass", "Assembly-CSharp-firstpass.csproj", "{2781184B-4304-DBEA-B906-E42D583EB61E}"
EndProject
Global
	GlobalSection(SolutionConfigurationPlatforms) = preSolution
		Debug|Any CPU = Debug|Any CPU
		Release|Any CPU = Release|Any CPU
	EndGlobalSection
	GlobalSection(ProjectConfigurationPlatforms) = postSolution
		{F10864A1-FF13-853D-5F6F-F5FF7E7B82DF}.Debug|Any CPU.ActiveCfg = Debug|Any CPU
		{F10864A1-FF13-853D-5F6F-F5FF7E7B82DF}.Debug|Any CPU.Build.0 = Debug|Any CPU
		{F10864A1-FF13-853D-5F6F-F5FF7E7B82DF}.Release|Any CPU.ActiveCfg = Release|Any CPU
		{F10864A1-FF13-853D-5F6F-F5FF7E7B82DF}.Release|Any CPU.Build.0 = Release|Any CPU
		{2781184B-4304-DBEA-B906-E42D583EB61E}.Debug|Any CPU.ActiveCfg = Debug|Any CPU
		{2781184B-4304-DBEA-B906-E42D583EB61E}.Debug|Any CPU.Build.0 = Debug|Any CPU
		{2781184B-4304-DBEA-B906-E42D583EB61E}.Release|Any CPU.ActiveCfg = Release|Any CPU
		{2781184B-4304-DBEA-B906-E42D583EB61E}.Release|Any CPU.Build.0 = Release|Any CPU
	EndGlobalSection
	GlobalSection(SolutionProperties) = preSolution
		HideSolutionNode = FALSE
	EndGlobalSection
EndGlobal
